
Microsoft Visual Studio Solution File, Format Version 12.00
# Visual Studio Version 17
VisualStudioVersion = 17.8.34316.72
MinimumVisualStudioVersion = 10.0.40219.1
Project("{FAE04EC0-301F-11D3-BF4B-00C04F79EFBC}") = "PIMVI", "PIMVI.csproj", "{FC7B9080-E341-4C64-8313-E17AECC9D2E7}"
EndProject
Global
	GlobalSection(SolutionConfigurationPlatforms) = preSolution
		Debug|Any CPU = Debug|Any CPU
		Release|Any CPU = Release|Any CPU
	EndGlobalSection
	GlobalSection(ProjectConfigurationPlatforms) = postSolution
		{FC7B9080-E341-4C64-8313-E17AECC9D2E7}.Debug|Any CPU.ActiveCfg = Debug|Any CPU
		{FC7B9080-E341-4C64-8313-E17AECC9D2E7}.Debug|Any CPU.Build.0 = Debug|Any CPU
		{FC7B9080-E341-4C64-8313-E17AECC9D2E7}.Release|Any CPU.ActiveCfg = Release|Any CPU
		{FC7B9080-E341-4C64-8313-E17AECC9D2E7}.Release|Any CPU.Build.0 = Release|Any CPU
	EndGlobalSection
	GlobalSection(SolutionProperties) = preSolution
		HideSolutionNode = FALSE
	EndGlobalSection
	GlobalSection(ExtensibilityGlobals) = postSolution
		SolutionGuid = {F6DB9503-2884-486A-85E8-0073D7B4A05B}
	EndGlobalSection
EndGlobal
